
Microsoft Visual Studio Solution File, Format Version 12.00
# Visual Studio 15
VisualStudioVersion = 15.0.26730.16
MinimumVisualStudioVersion = 10.0.40219.1
Project("{FAE04EC0-301F-11D3-BF4B-00C04F79EFBC}") = "RavenDB.StructuredLog", "RavenDB.StructuredLog\RavenDB.StructuredLog.csproj", "{E5E99DB9-C896-4249-BAB2-98D5541A66CB}"
EndProject
Project("{2150E333-8FDC-42A3-9474-1A3956D46DE8}") = "Solution Items", "Solution Items", "{721A4796-1DA5-4DE9-AFAE-0D1BA0013CCA}"
	ProjectSection(SolutionItems) = preProject
		README.md = README.md
	EndProjectSection
EndProject
Project("{FAE04EC0-301F-11D3-BF4B-00C04F79EFBC}") = "Sample", "Sample\Sample.csproj", "{950446F6-02A8-4879-9696-1B541B194A2B}"
EndProject
Global
	GlobalSection(SolutionConfigurationPlatforms) = preSolution
		Debug|Any CPU = Debug|Any CPU
		Release|Any CPU = Release|Any CPU
	EndGlobalSection
	GlobalSection(ProjectConfigurationPlatforms) = postSolution
		{E5E99DB9-C896-4249-BAB2-98D5541A66CB}.Debug|Any CPU.ActiveCfg = Debug|Any CPU
		{E5E99DB9-C896-4249-BAB2-98D5541A66CB}.Debug|Any CPU.Build.0 = Debug|Any CPU
		{E5E99DB9-C896-4249-BAB2-98D5541A66CB}.Release|Any CPU.ActiveCfg = Release|Any CPU
		{E5E99DB9-C896-4249-BAB2-98D5541A66CB}.Release|Any CPU.Build.0 = Release|Any CPU
		{950446F6-02A8-4879-9696-1B541B194A2B}.Debug|Any CPU.ActiveCfg = Debug|Any CPU
		{950446F6-02A8-4879-9696-1B541B194A2B}.Debug|Any CPU.Build.0 = Debug|Any CPU
		{950446F6-02A8-4879-9696-1B541B194A2B}.Release|Any CPU.ActiveCfg = Release|Any CPU
		{950446F6-02A8-4879-9696-1B541B194A2B}.Release|Any CPU.Build.0 = Release|Any CPU
	EndGlobalSection
	GlobalSection(SolutionProperties) = preSolution
		HideSolutionNode = FALSE
	EndGlobalSection
	GlobalSection(ExtensibilityGlobals) = postSolution
		SolutionGuid = {EDD5152E-8619-4C18-80E2-198E5412E684}
	EndGlobalSection
EndGlobal
