
Microsoft Visual Studio Solution File, Format Version 12.00
# Visual Studio Version 17
VisualStudioVersion = 17.8.34408.163
MinimumVisualStudioVersion = 10.0.40219.1
Project("{9A19103F-16F7-4668-BE54-9A1E7A4F7556}") = "RavenDB.StructuredLogger", "RavenDB.StructuredLogger\RavenDB.StructuredLogger.csproj", "{E5E99DB9-C896-4249-BAB2-98D5541A66CB}"
EndProject
Project("{2150E333-8FDC-42A3-9474-1A3956D46DE8}") = "Solution Items", "Solution Items", "{721A4796-1DA5-4DE9-AFAE-0D1BA0013CCA}"
	ProjectSection(SolutionItems) = preProject
		README.md = README.md
	EndProjectSection
EndProject
Project("{9A19103F-16F7-4668-BE54-9A1E7A4F7556}") = "Sample", "Sample\Sample.csproj", "{8CE90529-1047-479E-AA5A-BA52221EB3B1}"
EndProject
Global
	GlobalSection(SolutionConfigurationPlatforms) = preSolution
		Debug|Any CPU = Debug|Any CPU
		Release|Any CPU = Release|Any CPU
	EndGlobalSection
	GlobalSection(ProjectConfigurationPlatforms) = postSolution
		{E5E99DB9-C896-4249-BAB2-98D5541A66CB}.Debug|Any CPU.ActiveCfg = Debug|Any CPU
		{E5E99DB9-C896-4249-BAB2-98D5541A66CB}.Debug|Any CPU.Build.0 = Debug|Any CPU
		{E5E99DB9-C896-4249-BAB2-98D5541A66CB}.Release|Any CPU.ActiveCfg = Release|Any CPU
		{E5E99DB9-C896-4249-BAB2-98D5541A66CB}.Release|Any CPU.Build.0 = Release|Any CPU
		{8CE90529-1047-479E-AA5A-BA52221EB3B1}.Debug|Any CPU.ActiveCfg = Debug|Any CPU
		{8CE90529-1047-479E-AA5A-BA52221EB3B1}.Debug|Any CPU.Build.0 = Debug|Any CPU
		{8CE90529-1047-479E-AA5A-BA52221EB3B1}.Release|Any CPU.ActiveCfg = Release|Any CPU
		{8CE90529-1047-479E-AA5A-BA52221EB3B1}.Release|Any CPU.Build.0 = Release|Any CPU
	EndGlobalSection
	GlobalSection(SolutionProperties) = preSolution
		HideSolutionNode = FALSE
	EndGlobalSection
	GlobalSection(ExtensibilityGlobals) = postSolution
		SolutionGuid = {EDD5152E-8619-4C18-80E2-198E5412E684}
	EndGlobalSection
EndGlobal
